{
  "requires": true,
  "lockfileVersion": 1,
  "dependencies": {
    "@sweetalert/transformer": {
      "version": "0.1.1",
      "resolved": "https://registry.npmjs.org/@sweetalert/transformer/-/transformer-0.1.1.tgz",
      "integrity": "sha512-QdV8CrelIoK95kWOrZNMKXL9oEQFsvaForZcw2UijhmVJX/wzopPRLT/sAg51436TJ4q5angt8BvHQInehGFHA=="
    },
    "@sweetalert/with-react": {
      "version": "0.1.1",
      "resolved": "https://registry.npmjs.org/@sweetalert/with-react/-/with-react-0.1.1.tgz",
      "integrity": "sha512-LC9eMYKsv8ydvhvKufdVPOIMDgbAFsxn7eeKWadwvXPsFcflosfm/cXZSO0Ras5TuaO3WxHEgvitKD6UfpeIwQ==",
      "requires": {
        "@sweetalert/transformer": "^0.1.1"
      }
    }
  }
}
